
Microsoft Visual Studio Solution File, Format Version 12.00
# Visual Studio 15
VisualStudioVersion = 15.0.28307.572
MinimumVisualStudioVersion = 10.0.40219.1
Project("{FAE04EC0-301F-11D3-BF4B-00C04F79EFBC}") = "EComWFE", "EComWFE\EComWFE.csproj", "{14913147-B681-4F43-A030-C9EE765B96B3}"
EndProject
Project("{FAE04EC0-301F-11D3-BF4B-00C04F79EFBC}") = "BOL", "BOL\BOL.csproj", "{21C4779C-263B-49AD-B03C-B2E4AB3D0862}"
EndProject
Project("{FAE04EC0-301F-11D3-BF4B-00C04F79EFBC}") = "BLL", "BLL\BLL.csproj", "{45F3195A-683F-451A-9DE0-3A70430CC46F}"
EndProject
Project("{FAE04EC0-301F-11D3-BF4B-00C04F79EFBC}") = "DAL", "DAL\DAL.csproj", "{B59037F4-7F8F-4651-B846-81AAD6BA1A25}"
EndProject
Project("{FAE04EC0-301F-11D3-BF4B-00C04F79EFBC}") = "ECommRESTAPI", "ECommRESTAPI\ECommRESTAPI.csproj", "{03F55DE3-7531-4DFE-89A0-26E4C49325C0}"
EndProject
Global
	GlobalSection(SolutionConfigurationPlatforms) = preSolution
		Debug|Any CPU = Debug|Any CPU
		Release|Any CPU = Release|Any CPU
	EndGlobalSection
	GlobalSection(ProjectConfigurationPlatforms) = postSolution
		{14913147-B681-4F43-A030-C9EE765B96B3}.Debug|Any CPU.ActiveCfg = Debug|Any CPU
		{14913147-B681-4F43-A030-C9EE765B96B3}.Debug|Any CPU.Build.0 = Debug|Any CPU
		{14913147-B681-4F43-A030-C9EE765B96B3}.Release|Any CPU.ActiveCfg = Release|Any CPU
		{14913147-B681-4F43-A030-C9EE765B96B3}.Release|Any CPU.Build.0 = Release|Any CPU
		{21C4779C-263B-49AD-B03C-B2E4AB3D0862}.Debug|Any CPU.ActiveCfg = Debug|Any CPU
		{21C4779C-263B-49AD-B03C-B2E4AB3D0862}.Debug|Any CPU.Build.0 = Debug|Any CPU
		{21C4779C-263B-49AD-B03C-B2E4AB3D0862}.Release|Any CPU.ActiveCfg = Release|Any CPU
		{21C4779C-263B-49AD-B03C-B2E4AB3D0862}.Release|Any CPU.Build.0 = Release|Any CPU
		{45F3195A-683F-451A-9DE0-3A70430CC46F}.Debug|Any CPU.ActiveCfg = Debug|Any CPU
		{45F3195A-683F-451A-9DE0-3A70430CC46F}.Debug|Any CPU.Build.0 = Debug|Any CPU
		{45F3195A-683F-451A-9DE0-3A70430CC46F}.Release|Any CPU.ActiveCfg = Release|Any CPU
		{45F3195A-683F-451A-9DE0-3A70430CC46F}.Release|Any CPU.Build.0 = Release|Any CPU
		{B59037F4-7F8F-4651-B846-81AAD6BA1A25}.Debug|Any CPU.ActiveCfg = Debug|Any CPU
		{B59037F4-7F8F-4651-B846-81AAD6BA1A25}.Debug|Any CPU.Build.0 = Debug|Any CPU
		{B59037F4-7F8F-4651-B846-81AAD6BA1A25}.Release|Any CPU.ActiveCfg = Release|Any CPU
		{B59037F4-7F8F-4651-B846-81AAD6BA1A25}.Release|Any CPU.Build.0 = Release|Any CPU
		{03F55DE3-7531-4DFE-89A0-26E4C49325C0}.Debug|Any CPU.ActiveCfg = Debug|Any CPU
		{03F55DE3-7531-4DFE-89A0-26E4C49325C0}.Debug|Any CPU.Build.0 = Debug|Any CPU
		{03F55DE3-7531-4DFE-89A0-26E4C49325C0}.Release|Any CPU.ActiveCfg = Release|Any CPU
		{03F55DE3-7531-4DFE-89A0-26E4C49325C0}.Release|Any CPU.Build.0 = Release|Any CPU
	EndGlobalSection
	GlobalSection(SolutionProperties) = preSolution
		HideSolutionNode = FALSE
	EndGlobalSection
	GlobalSection(ExtensibilityGlobals) = postSolution
		SolutionGuid = {E92DBF56-4D81-491C-8F28-6EB7D35A2156}
	EndGlobalSection
EndGlobal
