
Microsoft Visual Studio Solution File, Format Version 12.00
# Visual Studio 15
VisualStudioVersion = 15.0.28307.572
MinimumVisualStudioVersion = 10.0.40219.1
Project("{FAE04EC0-301F-11D3-BF4B-00C04F79EFBC}") = "Sarkar", "Sarkar\Sarkar.csproj", "{966974D3-A747-488A-BB2C-775545578C18}"
EndProject
Project("{FAE04EC0-301F-11D3-BF4B-00C04F79EFBC}") = "Policy", "Policy\Policy.csproj", "{78092968-A1B0-4B39-B88F-F2CD9129FBF8}"
EndProject
Project("{FAE04EC0-301F-11D3-BF4B-00C04F79EFBC}") = "Banking", "Banking\Banking.csproj", "{C76F71B0-87FE-4610-A87A-27312BF4E232}"
EndProject
Project("{FAE04EC0-301F-11D3-BF4B-00C04F79EFBC}") = "Taxation", "Taxation\Taxation.csproj", "{02C9BD5A-D10E-49F4-A9CD-350314185708}"
EndProject
Project("{FAE04EC0-301F-11D3-BF4B-00C04F79EFBC}") = "Subsidy", "Subsidy\Subsidy.csproj", "{85A0720E-3A7D-4264-826F-9E7BFF904F62}"
EndProject
Project("{FAE04EC0-301F-11D3-BF4B-00C04F79EFBC}") = "Constitution", "Constitution\Constitution.csproj", "{968A5A56-C812-4070-BA66-AF95B2761981}"
EndProject
Project("{FAE04EC0-301F-11D3-BF4B-00C04F79EFBC}") = "HR", "HR\HR.csproj", "{51F1097C-DAB2-4211-AE7F-71F1DEFB6656}"
EndProject
Project("{FAE04EC0-301F-11D3-BF4B-00C04F79EFBC}") = "BOL", "BOL\BOL.csproj", "{0A31675B-CA02-419F-845B-36A5519F4B82}"
EndProject
Project("{FAE04EC0-301F-11D3-BF4B-00C04F79EFBC}") = "Test", "Test\Test.csproj", "{23831F8B-F4BD-464A-B205-25BD1EDDD068}"
EndProject
Project("{FAE04EC0-301F-11D3-BF4B-00C04F79EFBC}") = "OrderProcessing", "OrderProcessing\OrderProcessing.csproj", "{584F082E-0D42-499A-A764-9EFCB0C85B77}"
EndProject
Project("{FAE04EC0-301F-11D3-BF4B-00C04F79EFBC}") = "TestExplicitIntrApp", "TestExplicitIntrApp\TestExplicitIntrApp.csproj", "{D68D0D55-2FDF-4F7C-A6D9-92EFA60F66EF}"
EndProject
Project("{FAE04EC0-301F-11D3-BF4B-00C04F79EFBC}") = "TestCSharpFeatures", "TestCSharpFeatures\TestCSharpFeatures.csproj", "{3BC478D0-2266-4D7D-8FBB-1DA2CE40701F}"
EndProject
Project("{FAE04EC0-301F-11D3-BF4B-00C04F79EFBC}") = "CollegeLib", "CollegeLib\CollegeLib.csproj", "{5A466C20-A2B0-47B0-82A1-7734364061D4}"
EndProject
Project("{FAE04EC0-301F-11D3-BF4B-00C04F79EFBC}") = "ECommerceWeb", "ECommerceWeb\ECommerceWeb.csproj", "{B25C00F2-C3C4-4E77-B1C3-9BD785C947AA}"
EndProject
Global
	GlobalSection(SolutionConfigurationPlatforms) = preSolution
		Debug|Any CPU = Debug|Any CPU
		Release|Any CPU = Release|Any CPU
	EndGlobalSection
	GlobalSection(ProjectConfigurationPlatforms) = postSolution
		{966974D3-A747-488A-BB2C-775545578C18}.Debug|Any CPU.ActiveCfg = Debug|Any CPU
		{966974D3-A747-488A-BB2C-775545578C18}.Debug|Any CPU.Build.0 = Debug|Any CPU
		{966974D3-A747-488A-BB2C-775545578C18}.Release|Any CPU.ActiveCfg = Release|Any CPU
		{966974D3-A747-488A-BB2C-775545578C18}.Release|Any CPU.Build.0 = Release|Any CPU
		{78092968-A1B0-4B39-B88F-F2CD9129FBF8}.Debug|Any CPU.ActiveCfg = Debug|Any CPU
		{78092968-A1B0-4B39-B88F-F2CD9129FBF8}.Debug|Any CPU.Build.0 = Debug|Any CPU
		{78092968-A1B0-4B39-B88F-F2CD9129FBF8}.Release|Any CPU.ActiveCfg = Release|Any CPU
		{78092968-A1B0-4B39-B88F-F2CD9129FBF8}.Release|Any CPU.Build.0 = Release|Any CPU
		{C76F71B0-87FE-4610-A87A-27312BF4E232}.Debug|Any CPU.ActiveCfg = Debug|Any CPU
		{C76F71B0-87FE-4610-A87A-27312BF4E232}.Debug|Any CPU.Build.0 = Debug|Any CPU
		{C76F71B0-87FE-4610-A87A-27312BF4E232}.Release|Any CPU.ActiveCfg = Release|Any CPU
		{C76F71B0-87FE-4610-A87A-27312BF4E232}.Release|Any CPU.Build.0 = Release|Any CPU
		{02C9BD5A-D10E-49F4-A9CD-350314185708}.Debug|Any CPU.ActiveCfg = Debug|Any CPU
		{02C9BD5A-D10E-49F4-A9CD-350314185708}.Debug|Any CPU.Build.0 = Debug|Any CPU
		{02C9BD5A-D10E-49F4-A9CD-350314185708}.Release|Any CPU.ActiveCfg = Release|Any CPU
		{02C9BD5A-D10E-49F4-A9CD-350314185708}.Release|Any CPU.Build.0 = Release|Any CPU
		{85A0720E-3A7D-4264-826F-9E7BFF904F62}.Debug|Any CPU.ActiveCfg = Debug|Any CPU
		{85A0720E-3A7D-4264-826F-9E7BFF904F62}.Debug|Any CPU.Build.0 = Debug|Any CPU
		{85A0720E-3A7D-4264-826F-9E7BFF904F62}.Release|Any CPU.ActiveCfg = Release|Any CPU
		{85A0720E-3A7D-4264-826F-9E7BFF904F62}.Release|Any CPU.Build.0 = Release|Any CPU
		{968A5A56-C812-4070-BA66-AF95B2761981}.Debug|Any CPU.ActiveCfg = Debug|Any CPU
		{968A5A56-C812-4070-BA66-AF95B2761981}.Debug|Any CPU.Build.0 = Debug|Any CPU
		{968A5A56-C812-4070-BA66-AF95B2761981}.Release|Any CPU.ActiveCfg = Release|Any CPU
		{968A5A56-C812-4070-BA66-AF95B2761981}.Release|Any CPU.Build.0 = Release|Any CPU
		{51F1097C-DAB2-4211-AE7F-71F1DEFB6656}.Debug|Any CPU.ActiveCfg = Debug|Any CPU
		{51F1097C-DAB2-4211-AE7F-71F1DEFB6656}.Debug|Any CPU.Build.0 = Debug|Any CPU
		{51F1097C-DAB2-4211-AE7F-71F1DEFB6656}.Release|Any CPU.ActiveCfg = Release|Any CPU
		{51F1097C-DAB2-4211-AE7F-71F1DEFB6656}.Release|Any CPU.Build.0 = Release|Any CPU
		{0A31675B-CA02-419F-845B-36A5519F4B82}.Debug|Any CPU.ActiveCfg = Debug|Any CPU
		{0A31675B-CA02-419F-845B-36A5519F4B82}.Debug|Any CPU.Build.0 = Debug|Any CPU
		{0A31675B-CA02-419F-845B-36A5519F4B82}.Release|Any CPU.ActiveCfg = Release|Any CPU
		{0A31675B-CA02-419F-845B-36A5519F4B82}.Release|Any CPU.Build.0 = Release|Any CPU
		{23831F8B-F4BD-464A-B205-25BD1EDDD068}.Debug|Any CPU.ActiveCfg = Debug|Any CPU
		{23831F8B-F4BD-464A-B205-25BD1EDDD068}.Debug|Any CPU.Build.0 = Debug|Any CPU
		{23831F8B-F4BD-464A-B205-25BD1EDDD068}.Release|Any CPU.ActiveCfg = Release|Any CPU
		{23831F8B-F4BD-464A-B205-25BD1EDDD068}.Release|Any CPU.Build.0 = Release|Any CPU
		{584F082E-0D42-499A-A764-9EFCB0C85B77}.Debug|Any CPU.ActiveCfg = Debug|Any CPU
		{584F082E-0D42-499A-A764-9EFCB0C85B77}.Debug|Any CPU.Build.0 = Debug|Any CPU
		{584F082E-0D42-499A-A764-9EFCB0C85B77}.Release|Any CPU.ActiveCfg = Release|Any CPU
		{584F082E-0D42-499A-A764-9EFCB0C85B77}.Release|Any CPU.Build.0 = Release|Any CPU
		{D68D0D55-2FDF-4F7C-A6D9-92EFA60F66EF}.Debug|Any CPU.ActiveCfg = Debug|Any CPU
		{D68D0D55-2FDF-4F7C-A6D9-92EFA60F66EF}.Debug|Any CPU.Build.0 = Debug|Any CPU
		{D68D0D55-2FDF-4F7C-A6D9-92EFA60F66EF}.Release|Any CPU.ActiveCfg = Release|Any CPU
		{D68D0D55-2FDF-4F7C-A6D9-92EFA60F66EF}.Release|Any CPU.Build.0 = Release|Any CPU
		{3BC478D0-2266-4D7D-8FBB-1DA2CE40701F}.Debug|Any CPU.ActiveCfg = Debug|Any CPU
		{3BC478D0-2266-4D7D-8FBB-1DA2CE40701F}.Debug|Any CPU.Build.0 = Debug|Any CPU
		{3BC478D0-2266-4D7D-8FBB-1DA2CE40701F}.Release|Any CPU.ActiveCfg = Release|Any CPU
		{3BC478D0-2266-4D7D-8FBB-1DA2CE40701F}.Release|Any CPU.Build.0 = Release|Any CPU
		{5A466C20-A2B0-47B0-82A1-7734364061D4}.Debug|Any CPU.ActiveCfg = Debug|Any CPU
		{5A466C20-A2B0-47B0-82A1-7734364061D4}.Debug|Any CPU.Build.0 = Debug|Any CPU
		{5A466C20-A2B0-47B0-82A1-7734364061D4}.Release|Any CPU.ActiveCfg = Release|Any CPU
		{5A466C20-A2B0-47B0-82A1-7734364061D4}.Release|Any CPU.Build.0 = Release|Any CPU
		{B25C00F2-C3C4-4E77-B1C3-9BD785C947AA}.Debug|Any CPU.ActiveCfg = Debug|Any CPU
		{B25C00F2-C3C4-4E77-B1C3-9BD785C947AA}.Debug|Any CPU.Build.0 = Debug|Any CPU
		{B25C00F2-C3C4-4E77-B1C3-9BD785C947AA}.Release|Any CPU.ActiveCfg = Release|Any CPU
		{B25C00F2-C3C4-4E77-B1C3-9BD785C947AA}.Release|Any CPU.Build.0 = Release|Any CPU
	EndGlobalSection
	GlobalSection(SolutionProperties) = preSolution
		HideSolutionNode = FALSE
	EndGlobalSection
	GlobalSection(ExtensibilityGlobals) = postSolution
		SolutionGuid = {454FFF73-F4D7-4124-9175-38565C260B47}
	EndGlobalSection
EndGlobal
